
Microsoft Visual Studio Solution File, Format Version 12.00
# Visual Studio 15
VisualStudioVersion = 15.0.28010.0
MinimumVisualStudioVersion = 10.0.40219.1
Project("{888888A0-9F3D-457C-B088-3A5042F75D52}") = "Worms", "Worms\Worms.pyproj", "{D05B3239-7B48-43CF-9227-DBFA7825F7EB}"
EndProject
Global
	GlobalSection(SolutionConfigurationPlatforms) = preSolution
		Debug|Any CPU = Debug|Any CPU
		Release|Any CPU = Release|Any CPU
	EndGlobalSection
	GlobalSection(ProjectConfigurationPlatforms) = postSolution
		{D05B3239-7B48-43CF-9227-DBFA7825F7EB}.Debug|Any CPU.ActiveCfg = Debug|Any CPU
		{D05B3239-7B48-43CF-9227-DBFA7825F7EB}.Release|Any CPU.ActiveCfg = Release|Any CPU
	EndGlobalSection
	GlobalSection(SolutionProperties) = preSolution
		HideSolutionNode = FALSE
	EndGlobalSection
	GlobalSection(ExtensibilityGlobals) = postSolution
		SolutionGuid = {15E2F50D-8FA7-40B6-A518-82BBA6881E4D}
	EndGlobalSection
EndGlobal
